PODS:
  - Alamofire (4.8.1)
  - CocoaAsyncSocket (7.6.3)
  - CocoaMQTT (1.1.3):
    - CocoaAsyncSocket (~> 7.6.3)
  - ReachabilitySwift (3)

DEPENDENCIES:
  - Alamofire (from `https://github.com/Alamofire/Alamofire.git`, tag `4.8.1`)
  - CocoaAsyncSocket (from `https://github.com/robbiehanson/CocoaAsyncSocket.git`, tag `7.6.3`)
  - CocoaMQTT (from `https://github.com/emqtt/CocoaMQTT.git`, tag `1.1.3`)
  - ReachabilitySwift (from `https://github.com/ashleymills/Reachability.swift.git`, tag `v3`)

EXTERNAL SOURCES:
  Alamofire:
    :git: https://github.com/Alamofire/Alamofire.git
    :tag: 4.8.1
  CocoaAsyncSocket:
    :git: https://github.com/robbiehanson/CocoaAsyncSocket.git
    :tag: 7.6.3
  CocoaMQTT:
    :git: https://github.com/emqtt/CocoaMQTT.git
    :tag: 1.1.3
  ReachabilitySwift:
    :git: https://github.com/ashleymills/Reachability.swift.git
    :tag: v3

CHECKOUT OPTIONS:
  Alamofire:
    :git: https://github.com/Alamofire/Alamofire.git
    :tag: 4.8.1
  CocoaAsyncSocket:
    :git: https://github.com/robbiehanson/CocoaAsyncSocket.git
    :tag: 7.6.3
  CocoaMQTT:
    :git: https://github.com/emqtt/CocoaMQTT.git
    :tag: 1.1.3
  ReachabilitySwift:
    :git: https://github.com/ashleymills/Reachability.swift.git
    :tag: v3

SPEC CHECKSUMS:
  Alamofire: 16ce2c353fb72865124ddae8a57c5942388f4f11
  CocoaAsyncSocket: eafaa68a7e0ec99ead0a7b35015e0bf25d2c8987
  CocoaMQTT: b506d38ad3bbe1c55a4f8ee8c9fd02c35da1a7d8
  ReachabilitySwift: f5b9bb30a0777fac8f09ce8b067e32faeb29bb64

PODFILE CHECKSUM: ef62b4c8dc4fd17129a50204f28c6e1ff16726b9

COCOAPODS: 1.6.1
